<?xml version="1.0" encoding="utf-8"?>
<Project xmlns="http://schemas.microsoft.com/developer/msbuild/2003">
  <ItemGroup>
    <Filter Include="Form Files">
      <UniqueIdentifier>{99349809-55BA-4b9d-BF79-8FDBB0286EB3}</UniqueIdentifier>
      <Extensions>ui</Extensions>
      <ParseFiles>false</ParseFiles>
    </Filter>
    <Filter Include="Form Files">
      <UniqueIdentifier>{99349809-55BA-4b9d-BF79-8FDBB0286EB3}</UniqueIdentifier>
      <Extensions>ui</Extensions>
      <ParseFiles>false</ParseFiles>
    </Filter>
    <Filter Include="Generated Files">
      <UniqueIdentifier>{71ED8ED8-ACB9-4CE9-BBE1-E00B30144E11}</UniqueIdentifier>
      <Extensions>cpp;c;cxx;moc;h;def;odl;idl;res;</Extensions>
    </Filter>
    <Filter Include="Generated Files">
      <UniqueIdentifier>{71ED8ED8-ACB9-4CE9-BBE1-E00B30144E11}</UniqueIdentifier>
      <Extensions>cpp;c;cxx;moc;h;def;odl;idl;res;</Extensions>
    </Filter>
    <Filter Include="Header Files">
      <UniqueIdentifier>{93995380-89BD-4b04-88EB-625FBE52EBFB}</UniqueIdentifier>
      <Extensions>h;hpp;hxx;hm;inl;inc;xsd</Extensions>
    </Filter>
    <Filter Include="Header Files">
      <UniqueIdentifier>{93995380-89BD-4b04-88EB-625FBE52EBFB}</UniqueIdentifier>
      <Extensions>h;hpp;hxx;hm;inl;inc;xsd</Extensions>
    </Filter>
    <Filter Include="Resource Files">
      <UniqueIdentifier>{D9D6E242-F8AF-46E4-B9FD-80ECBC20BA3E}</UniqueIdentifier>
      <Extensions>qrc;*</Extensions>
      <ParseFiles>false</ParseFiles>
    </Filter>
    <Filter Include="Resource Files">
      <UniqueIdentifier>{D9D6E242-F8AF-46E4-B9FD-80ECBC20BA3E}</UniqueIdentifier>
      <Extensions>qrc;*</Extensions>
      <ParseFiles>false</ParseFiles>
    </Filter>
    <Filter Include="Source Files">
      <UniqueIdentifier>{4FC737F1-C7A5-4376-A066-2A32D752A2FF}</UniqueIdentifier>
      <Extensions>cpp;c;cxx;def;odl;idl;hpj;bat;asm;asmx</Extensions>
    </Filter>
    <Filter Include="Source Files">
      <UniqueIdentifier>{4FC737F1-C7A5-4376-A066-2A32D752A2FF}</UniqueIdentifier>
      <Extensions>cpp;c;cxx;def;odl;idl;hpj;bat;asm;asmx</Extensions>
    </Filter>
    <Filter Include="Translation Files">
      <UniqueIdentifier>{639EADAA-A684-42e4-A9AD-28FC9BCB8F7C}</UniqueIdentifier>
      <Extensions>ts;xlf</Extensions>
      <ParseFiles>false</ParseFiles>
    </Filter>
    <Filter Include="Translation Files">
      <UniqueIdentifier>{639EADAA-A684-42e4-A9AD-28FC9BCB8F7C}</UniqueIdentifier>
      <Extensions>ts;xlf</Extensions>
      <ParseFiles>false</ParseFiles>
    </Filter>
    <Filter Include="XSadd">
      <UniqueIdentifier>{0bd2ee78-c100-4745-828a-4bc415a30f23}</UniqueIdentifier>
    </Filter>
  </ItemGroup>
  <ItemGroup>
    <ClCompile Include="ClickLineEdit.cpp">
      <Filter>XSadd</Filter>
    </ClCompile>
    <ClCompile Include="MoveFile\AboutWidget.cpp">
      <Filter>Source Files</Filter>
    </ClCompile>
    <ClCompile Include="MoveFile\cameraform.cpp">
      <Filter>Source Files</Filter>
    </ClCompile>
    <ClCompile Include="MoveFile\CameraWidget.cpp">
      <Filter>Source Files</Filter>
    </ClCompile>
    <ClCompile Include="MoveFile\DataStatistics.cpp">
      <Filter>Source Files</Filter>
    </ClCompile>
    <ClCompile Include="MoveFile\DsCycleBase.cpp">
      <Filter>Source Files</Filter>
    </ClCompile>
    <ClCompile Include="MoveFile\DsDay.cpp">
      <Filter>Source Files</Filter>
    </ClCompile>
    <ClCompile Include="MoveFile\DsGroup.cpp">
      <Filter>Source Files</Filter>
    </ClCompile>
    <ClCompile Include="MoveFile\DsMonth.cpp">
      <Filter>Source Files</Filter>
    </ClCompile>
    <ClCompile Include="MoveFile\DsWidget.cpp">
      <Filter>Source Files</Filter>
    </ClCompile>
    <ClCompile Include="MoveFile\DsYear.cpp">
      <Filter>Source Files</Filter>
    </ClCompile>
    <ClCompile Include="MoveFile\GXBitmap.cpp">
      <Filter>Source Files</Filter>
    </ClCompile>
    <ClCompile Include="MoveFile\helper.cpp">
      <Filter>Source Files</Filter>
    </ClCompile>
    <ClCompile Include="MoveFile\HelpWidget.cpp">
      <Filter>Source Files</Filter>
    </ClCompile>
    <ClCompile Include="MoveFile\logindialog.cpp">
      <Filter>Source Files</Filter>
    </ClCompile>
    <ClCompile Include="MoveFile\LogWidget.cpp">
      <Filter>Source Files</Filter>
    </ClCompile>
    <ClCompile Include="MoveFile\LogWidgetAppender.cpp">
      <Filter>Source Files</Filter>
    </ClCompile>
    <ClCompile Include="MoveFile\main.cpp">
      <Filter>Source Files</Filter>
    </ClCompile>
    <ClCompile Include="MoveFile\MaintenanceWidget.cpp">
      <Filter>Source Files</Filter>
    </ClCompile>
    <ClCompile Include="MoveFile\mainwindow.cpp">
      <Filter>Source Files</Filter>
    </ClCompile>
    <ClCompile Include="MoveFile\MyTemplate.cpp">
      <Filter>Source Files</Filter>
    </ClCompile>
    <ClCompile Include="MoveFile\MyWebView.cpp">
      <Filter>Source Files</Filter>
    </ClCompile>
    <ClCompile Include="MoveFile\nosoftdogdialog.cpp">
      <Filter>Source Files</Filter>
    </ClCompile>
    <ClCompile Include="MoveFile\ProductBaseForm.cpp">
      <Filter>Source Files</Filter>
    </ClCompile>
    <ClCompile Include="MoveFile\ProductDataForm.cpp">
      <Filter>Source Files</Filter>
    </ClCompile>
    <ClCompile Include="MoveFile\ProductNowForm.cpp">
      <Filter>Source Files</Filter>
    </ClCompile>
    <ClCompile Include="MoveFile\ProductSqlForm.cpp">
      <Filter>Source Files</Filter>
    </ClCompile>
    <ClCompile Include="MoveFile\RollingDateTime.cpp">
      <Filter>Source Files</Filter>
    </ClCompile>
    <ClCompile Include="MoveFile\SettingBaseWidget.cpp">
      <Filter>Source Files</Filter>
    </ClCompile>
    <ClCompile Include="MoveFile\SettingCameraWidget.cpp">
      <Filter>Source Files</Filter>
    </ClCompile>
    <ClCompile Include="MoveFile\SettingDatas.cpp">
      <Filter>Source Files</Filter>
    </ClCompile>
    <ClCompile Include="MoveFile\SettingImageWidget.cpp">
      <Filter>Source Files</Filter>
    </ClCompile>
    <ClCompile Include="MoveFile\SettingLogWidget.cpp">
      <Filter>Source Files</Filter>
    </ClCompile>
    <ClCompile Include="MoveFile\SettingMaintenance.cpp">
      <Filter>Source Files</Filter>
    </ClCompile>
    <ClCompile Include="MoveFile\SettingPlcWidget.cpp">
      <Filter>Source Files</Filter>
    </ClCompile>
    <ClCompile Include="MoveFile\SettingProjectWidget.cpp">
      <Filter>Source Files</Filter>
    </ClCompile>
    <ClCompile Include="MoveFile\SettingRobotWidget.cpp">
      <Filter>Source Files</Filter>
    </ClCompile>
    <ClCompile Include="MoveFile\SettingSystemWidget.cpp">
      <Filter>Source Files</Filter>
    </ClCompile>
    <ClCompile Include="MoveFile\splashscreen.cpp">
      <Filter>Source Files</Filter>
    </ClCompile>
    <ClCompile Include="MoveFile\SqlFunc.cpp">
      <Filter>Source Files</Filter>
    </ClCompile>
    <ClCompile Include="MoveFile\systembuttonwidget.cpp">
      <Filter>Source Files</Filter>
    </ClCompile>
    <ClCompile Include="MoveFile\TitleForm.cpp">
      <Filter>Source Files</Filter>
    </ClCompile>
    <ClCompile Include="MoveFile\UserManager.cpp">
      <Filter>Source Files</Filter>
    </ClCompile>
    <ClCompile Include="MoveFile\XDatabase.cpp">
      <Filter>Source Files</Filter>
    </ClCompile>
    <ClCompile Include="MoveFile\XTableViewModel.cpp">
      <Filter>Source Files</Filter>
    </ClCompile>
    <ClCompile Include="MoveFile\ProtocolHandller.cpp">
      <Filter>Source Files</Filter>
    </ClCompile>
  </ItemGroup>
  <ItemGroup>
    <QtMoc Include="ClickLineEdit.h">
      <Filter>XSadd</Filter>
    </QtMoc>
    <QtMoc Include="MoveFile\AboutWidget.h">
      <Filter>Header Files</Filter>
    </QtMoc>
    <QtMoc Include="MoveFile\cameraform.h">
      <Filter>Header Files</Filter>
    </QtMoc>
    <QtMoc Include="MoveFile\CameraWidget.h">
      <Filter>Header Files</Filter>
    </QtMoc>
    <QtMoc Include="MoveFile\DsCycleBase.h">
      <Filter>Header Files</Filter>
    </QtMoc>
    <QtMoc Include="MoveFile\DsDay.h">
      <Filter>Header Files</Filter>
    </QtMoc>
    <QtMoc Include="MoveFile\DsGroup.h">
      <Filter>Header Files</Filter>
    </QtMoc>
    <QtMoc Include="MoveFile\DsMonth.h">
      <Filter>Header Files</Filter>
    </QtMoc>
    <QtMoc Include="MoveFile\DsWidget.h">
      <Filter>Header Files</Filter>
    </QtMoc>
    <QtMoc Include="MoveFile\DsYear.h">
      <Filter>Header Files</Filter>
    </QtMoc>
    <QtMoc Include="MoveFile\HelpWidget.h">
      <Filter>Header Files</Filter>
    </QtMoc>
    <QtMoc Include="MoveFile\logindialog.h">
      <Filter>Header Files</Filter>
    </QtMoc>
    <QtMoc Include="MoveFile\LogWidget.h">
      <Filter>Header Files</Filter>
    </QtMoc>
    <QtMoc Include="MoveFile\LogWidgetAppender.h">
      <Filter>Header Files</Filter>
    </QtMoc>
    <QtMoc Include="MoveFile\MaintenanceWidget.h">
      <Filter>Header Files</Filter>
    </QtMoc>
    <QtMoc Include="MoveFile\mainwindow.h">
      <Filter>Header Files</Filter>
    </QtMoc>
    <QtMoc Include="MoveFile\MyTemplate.h">
      <Filter>Header Files</Filter>
    </QtMoc>
    <QtMoc Include="MoveFile\MyWebView.h">
      <Filter>Header Files</Filter>
    </QtMoc>
    <QtMoc Include="MoveFile\ProductBaseForm.h">
      <Filter>Header Files</Filter>
    </QtMoc>
    <QtMoc Include="MoveFile\ProductDataForm.h">
      <Filter>Header Files</Filter>
    </QtMoc>
    <QtMoc Include="MoveFile\ProductNowForm.h">
      <Filter>Header Files</Filter>
    </QtMoc>
    <QtMoc Include="MoveFile\ProductSqlForm.h">
      <Filter>Header Files</Filter>
    </QtMoc>
    <QtMoc Include="MoveFile\ProtocolHandller.h">
      <Filter>Header Files</Filter>
    </QtMoc>
    <QtMoc Include="MoveFile\RollingDateTime.h">
      <Filter>Header Files</Filter>
    </QtMoc>
    <QtMoc Include="MoveFile\SettingBaseWidget.h">
      <Filter>Header Files</Filter>
    </QtMoc>
    <QtMoc Include="MoveFile\SettingCameraWidget.h">
      <Filter>Header Files</Filter>
    </QtMoc>
    <QtMoc Include="MoveFile\SettingDatas.h">
      <Filter>Header Files</Filter>
    </QtMoc>
    <QtMoc Include="MoveFile\SettingImageWidget.h">
      <Filter>Header Files</Filter>
    </QtMoc>
    <QtMoc Include="MoveFile\SettingLogWidget.h">
      <Filter>Header Files</Filter>
    </QtMoc>
    <QtMoc Include="MoveFile\SettingMaintenance.h">
      <Filter>Header Files</Filter>
    </QtMoc>
    <QtMoc Include="MoveFile\SettingPlcWidget.h">
      <Filter>Header Files</Filter>
    </QtMoc>
    <QtMoc Include="MoveFile\SettingProjectWidget.h">
      <Filter>Header Files</Filter>
    </QtMoc>
    <QtMoc Include="MoveFile\SettingRobotWidget.h">
      <Filter>Header Files</Filter>
    </QtMoc>
    <QtMoc Include="MoveFile\SettingSystemWidget.h">
      <Filter>Header Files</Filter>
    </QtMoc>
    <QtMoc Include="MoveFile\SplashScreen.h">
      <Filter>Header Files</Filter>
    </QtMoc>
    <QtMoc Include="MoveFile\systembuttonwidget.h">
      <Filter>Header Files</Filter>
    </QtMoc>
    <QtMoc Include="MoveFile\TitleForm.h">
      <Filter>Header Files</Filter>
    </QtMoc>
    <QtMoc Include="MoveFile\UserManager.h">
      <Filter>Header Files</Filter>
    </QtMoc>
    <QtMoc Include="MoveFile\XDatabase.h">
      <Filter>Header Files</Filter>
    </QtMoc>
    <QtMoc Include="MoveFile\nosoftdogdialog.h">
      <Filter>Header Files</Filter>
    </QtMoc>
  </ItemGroup>
  <ItemGroup>
    <None Include="UserModule-en.ts">
      <Filter>Translation Files</Filter>
    </None>
  </ItemGroup>
  <ItemGroup>
    <ResourceCompile Include="C:\Users\Administrator\Desktop\Smart\SmartGREE\Resources\appicon.rc" />
  </ItemGroup>
  <ItemGroup>
    <ClInclude Include="MoveFile\DataStatistics.h">
      <Filter>Header Files</Filter>
    </ClInclude>
    <ClInclude Include="MoveFile\DataStatistics_global.h">
      <Filter>Header Files</Filter>
    </ClInclude>
    <ClInclude Include="MoveFile\DefinesGlobal.h">
      <Filter>Header Files</Filter>
    </ClInclude>
    <ClInclude Include="MoveFile\GXBitmap.h">
      <Filter>Header Files</Filter>
    </ClInclude>
    <ClInclude Include="MoveFile\helper.h">
      <Filter>Header Files</Filter>
    </ClInclude>
    <ClInclude Include="MoveFile\ProductLineData.h">
      <Filter>Header Files</Filter>
    </ClInclude>
    <ClInclude Include="MoveFile\SettingKeys.h">
      <Filter>Header Files</Filter>
    </ClInclude>
    <ClInclude Include="MoveFile\SqlFunc.h">
      <Filter>Header Files</Filter>
    </ClInclude>
    <ClInclude Include="MoveFile\userdata.h">
      <Filter>Header Files</Filter>
    </ClInclude>
    <ClInclude Include="MoveFile\usermodule_global.h">
      <Filter>Header Files</Filter>
    </ClInclude>
    <ClInclude Include="MoveFile\XTableViewModel.h">
      <Filter>Header Files</Filter>
    </ClInclude>
    <ClInclude Include="MoveFile\uihelper.h">
      <Filter>Header Files</Filter>
    </ClInclude>
  </ItemGroup>
  <ItemGroup>
    <QtUic Include="MoveFile\AboutWidget.ui">
      <Filter>Form Files</Filter>
    </QtUic>
    <QtUic Include="MoveFile\cameraform.ui">
      <Filter>Form Files</Filter>
    </QtUic>
    <QtUic Include="MoveFile\CameraWidget.ui">
      <Filter>Form Files</Filter>
    </QtUic>
    <QtUic Include="MoveFile\DsWidget.ui">
      <Filter>Form Files</Filter>
    </QtUic>
    <QtUic Include="MoveFile\HelpWidget.ui">
      <Filter>Form Files</Filter>
    </QtUic>
    <QtUic Include="MoveFile\logindialog.ui">
      <Filter>Form Files</Filter>
    </QtUic>
    <QtUic Include="MoveFile\LogWidget.ui">
      <Filter>Form Files</Filter>
    </QtUic>
    <QtUic Include="MoveFile\MaintenanceWidget.ui">
      <Filter>Form Files</Filter>
    </QtUic>
    <QtUic Include="MoveFile\mainwindow.ui">
      <Filter>Form Files</Filter>
    </QtUic>
    <QtUic Include="MoveFile\MyTemplate.ui">
      <Filter>Form Files</Filter>
    </QtUic>
    <QtUic Include="MoveFile\ProductBaseForm.ui">
      <Filter>Form Files</Filter>
    </QtUic>
    <QtUic Include="MoveFile\ProductDataForm.ui">
      <Filter>Form Files</Filter>
    </QtUic>
    <QtUic Include="MoveFile\ProductNowForm.ui">
      <Filter>Form Files</Filter>
    </QtUic>
    <QtUic Include="MoveFile\ProductSqlForm.ui">
      <Filter>Form Files</Filter>
    </QtUic>
    <QtUic Include="MoveFile\SettingBaseWidget.ui">
      <Filter>Form Files</Filter>
    </QtUic>
    <QtUic Include="MoveFile\SettingCameraWidget.ui">
      <Filter>Form Files</Filter>
    </QtUic>
    <QtUic Include="MoveFile\SettingImageWidget.ui">
      <Filter>Form Files</Filter>
    </QtUic>
    <QtUic Include="MoveFile\SettingLogWidget.ui">
      <Filter>Form Files</Filter>
    </QtUic>
    <QtUic Include="MoveFile\SettingMaintenance.ui">
      <Filter>Form Files</Filter>
    </QtUic>
    <QtUic Include="MoveFile\SettingPlcWidget.ui">
      <Filter>Form Files</Filter>
    </QtUic>
    <QtUic Include="MoveFile\SettingProjectWidget.ui">
      <Filter>Form Files</Filter>
    </QtUic>
    <QtUic Include="MoveFile\SettingRobotWidget.ui">
      <Filter>Form Files</Filter>
    </QtUic>
    <QtUic Include="MoveFile\SettingSystemWidget.ui">
      <Filter>Form Files</Filter>
    </QtUic>
    <QtUic Include="MoveFile\SplashScreen.ui">
      <Filter>Form Files</Filter>
    </QtUic>
    <QtUic Include="MoveFile\systembuttonwidget.ui">
      <Filter>Form Files</Filter>
    </QtUic>
    <QtUic Include="MoveFile\TitleForm.ui">
      <Filter>Form Files</Filter>
    </QtUic>
    <QtUic Include="MoveFile\nosoftdogdialog.ui">
      <Filter>Form Files</Filter>
    </QtUic>
  </ItemGroup>
  <ItemGroup>
    <QtRcc Include="ResourceFile\logindialog.qrc">
      <Filter>Resource Files</Filter>
    </QtRcc>
    <QtRcc Include="ResourceFile\resources.qrc">
      <Filter>Resource Files</Filter>
    </QtRcc>
    <QtRcc Include="ResourceFile\systembuttons.qrc">
      <Filter>Resource Files</Filter>
    </QtRcc>
    <QtRcc Include="ResourceFile\web.qrc">
      <Filter>Resource Files</Filter>
    </QtRcc>
  </ItemGroup>
</Project>